
Microsoft Visual Studio Solution File, Format Version 12.00
# Visual Studio 15
VisualStudioVersion = 15.0.28307.421
MinimumVisualStudioVersion = 10.0.40219.1
Project("{FAE04EC0-301F-11D3-BF4B-00C04F79EFBC}") = "TwitterProject.UI", "TwitterProject.UI\TwitterProject.UI.csproj", "{004720C8-1E59-4A82-80C5-C469FF9719A3}"
EndProject
Global
	GlobalSection(SolutionConfigurationPlatforms) = preSolution
		Debug|Any CPU = Debug|Any CPU
		Release|Any CPU = Release|Any CPU
	EndGlobalSection
	GlobalSection(ProjectConfigurationPlatforms) = postSolution
		{004720C8-1E59-4A82-80C5-C469FF9719A3}.Debug|Any CPU.ActiveCfg = Debug|Any CPU
		{004720C8-1E59-4A82-80C5-C469FF9719A3}.Debug|Any CPU.Build.0 = Debug|Any CPU
		{004720C8-1E59-4A82-80C5-C469FF9719A3}.Release|Any CPU.ActiveCfg = Release|Any CPU
		{004720C8-1E59-4A82-80C5-C469FF9719A3}.Release|Any CPU.Build.0 = Release|Any CPU
	EndGlobalSection
	GlobalSection(SolutionProperties) = preSolution
		HideSolutionNode = FALSE
	EndGlobalSection
	GlobalSection(ExtensibilityGlobals) = postSolution
		SolutionGuid = {333751FD-BE20-4155-B86E-28DA95D37BAC}
	EndGlobalSection
EndGlobal
